
Microsoft Visual Studio Solution File, Format Version 11.00
# Visual Studio 2010
Project("{FAE04EC0-301F-11D3-BF4B-00C04F79EFBC}") = "KryptonAccessController", "KryptonAccessController\KryptonAccessController.csproj", "{1BDCA19E-2977-43AF-BF13-F738836286A6}"
EndProject
Project("{FAE04EC0-301F-11D3-BF4B-00C04F79EFBC}") = "Components", "Components\Components.csproj", "{D31416F1-DB90-46FE-BCBE-4E27467B3528}"
EndProject
Global
	GlobalSection(SolutionConfigurationPlatforms) = preSolution
		Debug|Any CPU = Debug|Any CPU
		Release|Any CPU = Release|Any CPU
	EndGlobalSection
	GlobalSection(ProjectConfigurationPlatforms) = postSolution
		{1BDCA19E-2977-43AF-BF13-F738836286A6}.Debug|Any CPU.ActiveCfg = Debug|Any CPU
		{1BDCA19E-2977-43AF-BF13-F738836286A6}.Debug|Any CPU.Build.0 = Debug|Any CPU
		{1BDCA19E-2977-43AF-BF13-F738836286A6}.Release|Any CPU.ActiveCfg = Release|Any CPU
		{1BDCA19E-2977-43AF-BF13-F738836286A6}.Release|Any CPU.Build.0 = Release|Any CPU
		{D31416F1-DB90-46FE-BCBE-4E27467B3528}.Debug|Any CPU.ActiveCfg = Debug|Any CPU
		{D31416F1-DB90-46FE-BCBE-4E27467B3528}.Debug|Any CPU.Build.0 = Debug|Any CPU
		{D31416F1-DB90-46FE-BCBE-4E27467B3528}.Release|Any CPU.ActiveCfg = Release|Any CPU
		{D31416F1-DB90-46FE-BCBE-4E27467B3528}.Release|Any CPU.Build.0 = Release|Any CPU
	EndGlobalSection
	GlobalSection(SolutionProperties) = preSolution
		HideSolutionNode = FALSE
	EndGlobalSection
	GlobalSection(ExtensibilityGlobals) = postSolution
		VisualSVNWorkingCopyRoot = .
	EndGlobalSection
EndGlobal
